
Microsoft Visual Studio Solution File, Format Version 12.00
# Visual Studio 14
VisualStudioVersion = 14.0.25420.1
MinimumVisualStudioVersion = 10.0.40219.1
Project("{FAE04EC0-301F-11D3-BF4B-00C04F79EFBC}") = "01.ReverseStrings", "01.ReverseStrings\01.ReverseStrings.csproj", "{1C34BB62-0C69-4C59-81CB-D248BFCA537D}"
EndProject
Project("{FAE04EC0-301F-11D3-BF4B-00C04F79EFBC}") = "02.StringLength", "02.StringLength\02.StringLength.csproj", "{8FFE482B-32A2-496A-A9D6-9F6C3A205D78}"
EndProject
Global
	GlobalSection(SolutionConfigurationPlatforms) = preSolution
		Debug|Any CPU = Debug|Any CPU
		Release|Any CPU = Release|Any CPU
	EndGlobalSection
	GlobalSection(ProjectConfigurationPlatforms) = postSolution
		{1C34BB62-0C69-4C59-81CB-D248BFCA537D}.Debug|Any CPU.ActiveCfg = Debug|Any CPU
		{1C34BB62-0C69-4C59-81CB-D248BFCA537D}.Debug|Any CPU.Build.0 = Debug|Any CPU
		{1C34BB62-0C69-4C59-81CB-D248BFCA537D}.Release|Any CPU.ActiveCfg = Release|Any CPU
		{1C34BB62-0C69-4C59-81CB-D248BFCA537D}.Release|Any CPU.Build.0 = Release|Any CPU
		{8FFE482B-32A2-496A-A9D6-9F6C3A205D78}.Debug|Any CPU.ActiveCfg = Debug|Any CPU
		{8FFE482B-32A2-496A-A9D6-9F6C3A205D78}.Debug|Any CPU.Build.0 = Debug|Any CPU
		{8FFE482B-32A2-496A-A9D6-9F6C3A205D78}.Release|Any CPU.ActiveCfg = Release|Any CPU
		{8FFE482B-32A2-496A-A9D6-9F6C3A205D78}.Release|Any CPU.Build.0 = Release|Any CPU
	EndGlobalSection
	GlobalSection(SolutionProperties) = preSolution
		HideSolutionNode = FALSE
	EndGlobalSection
EndGlobal
