
Microsoft Visual Studio Solution File, Format Version 12.00
# Visual Studio 15
VisualStudioVersion = 15.0.26430.13
MinimumVisualStudioVersion = 10.0.40219.1
Project("{FAE04EC0-301F-11D3-BF4B-00C04F79EFBC}") = "01.Regeh", "01.Regeh\01.Regeh.csproj", "{827D3708-049D-4EE1-B535-112C6BF3FAAA}"
EndProject
Project("{FAE04EC0-301F-11D3-BF4B-00C04F79EFBC}") = "02.KnightGame", "02.KnightGame\02.KnightGame.csproj", "{50D2C561-35B2-4E06-A180-2ED75C0199F9}"
EndProject
Project("{FAE04EC0-301F-11D3-BF4B-00C04F79EFBC}") = "04.Hospital", "04.Hospital\04.Hospital.csproj", "{C7C28BDC-F2FB-4EE9-943D-485213521FC1}"
EndProject
Global
	GlobalSection(SolutionConfigurationPlatforms) = preSolution
		Debug|Any CPU = Debug|Any CPU
		Release|Any CPU = Release|Any CPU
	EndGlobalSection
	GlobalSection(ProjectConfigurationPlatforms) = postSolution
		{827D3708-049D-4EE1-B535-112C6BF3FAAA}.Debug|Any CPU.ActiveCfg = Debug|Any CPU
		{827D3708-049D-4EE1-B535-112C6BF3FAAA}.Debug|Any CPU.Build.0 = Debug|Any CPU
		{827D3708-049D-4EE1-B535-112C6BF3FAAA}.Release|Any CPU.ActiveCfg = Release|Any CPU
		{827D3708-049D-4EE1-B535-112C6BF3FAAA}.Release|Any CPU.Build.0 = Release|Any CPU
		{50D2C561-35B2-4E06-A180-2ED75C0199F9}.Debug|Any CPU.ActiveCfg = Debug|Any CPU
		{50D2C561-35B2-4E06-A180-2ED75C0199F9}.Debug|Any CPU.Build.0 = Debug|Any CPU
		{50D2C561-35B2-4E06-A180-2ED75C0199F9}.Release|Any CPU.ActiveCfg = Release|Any CPU
		{50D2C561-35B2-4E06-A180-2ED75C0199F9}.Release|Any CPU.Build.0 = Release|Any CPU
		{C7C28BDC-F2FB-4EE9-943D-485213521FC1}.Debug|Any CPU.ActiveCfg = Debug|Any CPU
		{C7C28BDC-F2FB-4EE9-943D-485213521FC1}.Debug|Any CPU.Build.0 = Debug|Any CPU
		{C7C28BDC-F2FB-4EE9-943D-485213521FC1}.Release|Any CPU.ActiveCfg = Release|Any CPU
		{C7C28BDC-F2FB-4EE9-943D-485213521FC1}.Release|Any CPU.Build.0 = Release|Any CPU
	EndGlobalSection
	GlobalSection(SolutionProperties) = preSolution
		HideSolutionNode = FALSE
	EndGlobalSection
EndGlobal
